<?xml version="1.0" encoding="UTF-8" standalone="yes" ?>
<CodeBlocks_project_file>
	<FileVersion major="1" minor="6" />
	<Project>
		<Option title="SDL_PingPong" />
		<Option pch_mode="2" />
		<Option compiler="gcc" />
		<Build>
			<Target title="Debug">
				<Option output="bin/Debug/SDL_PingPong" prefix_auto="1" extension_auto="1" />
				<Option object_output="obj/Debug/" />
				<Option type="1" />
				<Option compiler="gcc" />
				<Compiler>
					<Add option="-g" />
				</Compiler>
				<Linker>
					<Add option="-lSDL2 -lSDL2_ttf -lSDL2_mixer" />
				</Linker>
			</Target>
			<Target title="Release">
				<Option output="bin/Release/SDL_PingPong" prefix_auto="1" extension_auto="1" />
				<Option object_output="obj/Release/" />
				<Option type="1" />
				<Option compiler="gcc" />
				<Compiler>
					<Add option="-O2" />
				</Compiler>
				<Linker>
					<Add option="-lSDL2 -lSDL2_ttf -lSDL2_mixer" />
				</Linker>
			</Target>
		</Build>
		<Compiler>
			<Add option="-Wall" />
			<Add option="-fexceptions" />
		</Compiler>
		<Unit filename="Ball.cpp" />
		<Unit filename="Ball.h" />
		<Unit filename="BallMgr.cpp" />
		<Unit filename="BallMgr.h" />
		<Unit filename="BallMgrSimple.cpp" />
		<Unit filename="BallMgrSimple.h" />
		<Unit filename="Button.cpp" />
		<Unit filename="Button.h" />
		<Unit filename="CheckBox.cpp" />
		<Unit filename="CheckBox.h" />
		<Unit filename="DebugParams.h" />
		<Unit filename="FontMgr.cpp" />
		<Unit filename="FontMgr.h" />
		<Unit filename="IBallManager.h" />
		<Unit filename="MainConstants.h" />
		<Unit filename="Rect.cpp" />
		<Unit filename="Rect.h" />
		<Unit filename="RectMgr.cpp" />
		<Unit filename="RectMgr.h" />
		<Unit filename="SDL_Game.cpp" />
		<Unit filename="SDL_Game.h" />
		<Unit filename="Scene.cpp" />
		<Unit filename="Scene.h" />
		<Unit filename="SceneGame.cpp" />
		<Unit filename="SceneGame.h" />
		<Unit filename="SceneMenu.cpp" />
		<Unit filename="SceneMenu.h" />
		<Unit filename="SceneMenuPause.cpp" />
		<Unit filename="SceneMenuPause.h" />
		<Unit filename="SceneMgr.cpp" />
		<Unit filename="SceneMgr.h" />
		<Unit filename="SoundMgr.cpp" />
		<Unit filename="SoundMgr.h" />
		<Unit filename="main.cpp" />
		<Extensions>
			<code_completion />
			<debugger />
		</Extensions>
	</Project>
</CodeBlocks_project_file>
