<?xml version="1.0" encoding="UTF-8" standalone="yes" ?>
<CodeBlocks_project_file>
	<FileVersion major="1" minor="6" />
	<Project>
		<Option title="SDL_PingPong" />
		<Option pch_mode="2" />
		<Option compiler="gcc" />
		<Build>
			<Target title="Debug">
				<Option output="bin/Debug/SDL_PingPong" prefix_auto="1" extension_auto="1" />
				<Option object_output="obj/Debug/" />
				<Option type="1" />
				<Option compiler="gnu_gcc_compiler_32_bit" />
				<Compiler>
					<Add option="-g" />
					<Add directory="C:/SDL/SDL2-2.0.8/i686-w64-mingw32/include" />
					<Add directory="C:/SDL/SDL2_ttf-2.0.14/i686-w64-mingw32/include" />
					<Add directory="C:/SDL/SDL2_mixer-2.0.2/i686-w64-mingw32/include" />
				</Compiler>
				<Linker>
					<Add option="-lmingw32 -lSDL2main -lSDL2 -lSDL2_ttf -lSDL2_mixer" />
					<Add directory="C:/SDL/SDL2-2.0.8/i686-w64-mingw32/lib" />
					<Add directory="C:/SDL/SDL2_ttf-2.0.14/i686-w64-mingw32/lib" />
					<Add directory="C:/SDL/SDL2_mixer-2.0.2/i686-w64-mingw32/lib" />
				</Linker>
			</Target>
			<Target title="Release">
				<Option output="bin/Release/SDL_PingPong" prefix_auto="1" extension_auto="1" />
				<Option object_output="obj/Release/" />
				<Option type="1" />
				<Option compiler="gnu_gcc_compiler_32_bit" />
				<Compiler>
					<Add option="-O2" />
					<Add option="-std=c++11" />
					<Add directory="C:/SDL/SDL2-2.0.8/i686-w64-mingw32/include" />
					<Add directory="C:/SDL/SDL2_ttf-2.0.14/i686-w64-mingw32/include" />
					<Add directory="C:/SDL/SDL2_mixer-2.0.2/i686-w64-mingw32/include" />
				</Compiler>
				<Linker>
					<Add option="-s" />
					<Add option="-lmingw32 -lSDL2main -lSDL2 -lSDL2_ttf -lSDL2_mixer" />
					<Add directory="C:/SDL/SDL2-2.0.8/i686-w64-mingw32/lib" />
					<Add directory="C:/SDL/SDL2_ttf-2.0.14/i686-w64-mingw32/lib" />
					<Add directory="C:/SDL/SDL2_mixer-2.0.2/i686-w64-mingw32/lib" />
				</Linker>
			</Target>
		</Build>
		<Unit filename="Ball.cpp" />
		<Unit filename="Ball.h" />
		<Unit filename="BallMgr.cpp" />
		<Unit filename="BallMgr.h" />
		<Unit filename="BallMgrSimple.cpp" />
		<Unit filename="BallMgrSimple.h" />
		<Unit filename="Button.cpp" />
		<Unit filename="Button.h" />
		<Unit filename="CheckBox.cpp" />
		<Unit filename="CheckBox.h" />
		<Unit filename="DebugParams.h" />
		<Unit filename="FontMgr.cpp" />
		<Unit filename="FontMgr.h" />
		<Unit filename="IBallManager.h" />
		<Unit filename="MainConstants.h" />
		<Unit filename="Rect.cpp" />
		<Unit filename="Rect.h" />
		<Unit filename="RectMgr.cpp" />
		<Unit filename="RectMgr.h" />
		<Unit filename="SDL_Game.cpp" />
		<Unit filename="SDL_Game.h" />
		<Unit filename="Scene.cpp" />
		<Unit filename="Scene.h" />
		<Unit filename="SceneGame.cpp" />
		<Unit filename="SceneGame.h" />
		<Unit filename="SceneMenu.cpp" />
		<Unit filename="SceneMenu.h" />
		<Unit filename="SceneMenuPause.cpp" />
		<Unit filename="SceneMenuPause.h" />
		<Unit filename="SceneMgr.cpp" />
		<Unit filename="SceneMgr.h" />
		<Unit filename="SoundMgr.cpp" />
		<Unit filename="SoundMgr.h" />
		<Unit filename="main.cpp" />
		<Unit filename="res/resource.rc">
			<Option compilerVar="WINDRES" />
		</Unit>
		<Extensions>
			<code_completion />
			<envvars />
			<debugger />
			<lib_finder disable_auto="1" />
		</Extensions>
	</Project>
</CodeBlocks_project_file>
